
Microsoft Visual Studio Solution File, Format Version 12.00
# Visual Studio 15
VisualStudioVersion = 15.0.28307.1259
MinimumVisualStudioVersion = 10.0.40219.1
Project("{FAE04EC0-301F-11D3-BF4B-00C04F79EFBC}") = "ContextSwitchDeadlock", "ContextSwitchDeadlock\ContextSwitchDeadlock.csproj", "{8C2A9B21-56F1-48FE-ABE2-9FA1559AA0FA}"
EndProject
Global
	GlobalSection(SolutionConfigurationPlatforms) = preSolution
		Debug|Any CPU = Debug|Any CPU
		Release|Any CPU = Release|Any CPU
	EndGlobalSection
	GlobalSection(ProjectConfigurationPlatforms) = postSolution
		{8C2A9B21-56F1-48FE-ABE2-9FA1559AA0FA}.Debug|Any CPU.ActiveCfg = Debug|Any CPU
		{8C2A9B21-56F1-48FE-ABE2-9FA1559AA0FA}.Debug|Any CPU.Build.0 = Debug|Any CPU
		{8C2A9B21-56F1-48FE-ABE2-9FA1559AA0FA}.Release|Any CPU.ActiveCfg = Release|Any CPU
		{8C2A9B21-56F1-48FE-ABE2-9FA1559AA0FA}.Release|Any CPU.Build.0 = Release|Any CPU
	EndGlobalSection
	GlobalSection(SolutionProperties) = preSolution
		HideSolutionNode = FALSE
	EndGlobalSection
	GlobalSection(ExtensibilityGlobals) = postSolution
		SolutionGuid = {21727EDD-928C-4BF6-860B-5C7545FE8C3B}
	EndGlobalSection
EndGlobal
